{
  "originHash" : "82816a03b61a5d9c5e32134188d6998852238f3777e972aca45b37f54cd282c0",
  "pins" : [
    {
      "identity" : "sunkit",
      "kind" : "remoteSourceControl",
      "location" : "https://github.com/Sunlitt/SunKit.git",
      "state" : {
        "revision" : "9179216697d4a5f1397423de46767c10f87e273c",
        "version" : "2.8.0"
      }
    },
    {
      "identity" : "vfont",
      "kind" : "remoteSourceControl",
      "location" : "https://github.com/dufflink/vfont.git",
      "state" : {
        "revision" : "eceae7296a3bb54a1e8b5fca0bda047c5ca31264",
        "version" : "0.6.1"
      }
    }
  ],
  "version" : 3
}
