{
  "originHash" : "db13c69dfa7ba4159ad2569b977b0152b9e1f1f956468e08aa5714a19e6d9c59",
  "pins" : [
    {
      "identity" : "vfont",
      "kind" : "remoteSourceControl",
      "location" : "https://github.com/dufflink/vfont.git",
      "state" : {
        "revision" : "eceae7296a3bb54a1e8b5fca0bda047c5ca31264",
        "version" : "0.6.1"
      }
    }
  ],
  "version" : 3
}
