// !$*UTF8*$!
{
	archiveVersion = 1;
	classes = {
	};
	objectVersion = 56;
	objects = {

/* Begin PBXBuildFile section */
		D439EAC72BDAE9C600329989 /* SunKit in Frameworks */ = {isa = PBXBuildFile; productRef = D439EAC62BDAE9C600329989 /* SunKit */; };
		D439EACA2BDAEA4500329989 /* SunKitManager.swift in Sources */ = {isa = PBXBuildFile; fileRef = D439EAC92BDAEA4500329989 /* SunKitManager.swift */; };
		D45A2AEC2BB35A2A009ABEF2 /* Phases.swift in Sources */ = {isa = PBXBuildFile; fileRef = D45A2AEB2BB35A2A009ABEF2 /* Phases.swift */; };
		D4A346662BC47B1600EA3CC8 /* FeedScaffold.swift in Sources */ = {isa = PBXBuildFile; fileRef = D4A346652BC47B1600EA3CC8 /* FeedScaffold.swift */; };
		D4A346682BC4829E00EA3CC8 /* Phase+Vizor.swift in Sources */ = {isa = PBXBuildFile; fileRef = D4A346672BC4829E00EA3CC8 /* Phase+Vizor.swift */; };
		D4A3466A2BC482EF00EA3CC8 /* FullscreenScrollViewModifier.swift in Sources */ = {isa = PBXBuildFile; fileRef = D4A346692BC482EF00EA3CC8 /* FullscreenScrollViewModifier.swift */; };
		D4A3466E2BC49B4D00EA3CC8 /* SplashView.swift in Sources */ = {isa = PBXBuildFile; fileRef = D4A3466D2BC49B4D00EA3CC8 /* SplashView.swift */; };
		D4AC63392C0D13F700BF70F7 /* User.swift in Sources */ = {isa = PBXBuildFile; fileRef = D4AC63382C0D13F700BF70F7 /* User.swift */; };
		D4AC633B2C0D156600BF70F7 /* SignInView.swift in Sources */ = {isa = PBXBuildFile; fileRef = D4AC633A2C0D156600BF70F7 /* SignInView.swift */; };
		D4AC633D2C0D160400BF70F7 /* Feed.swift in Sources */ = {isa = PBXBuildFile; fileRef = D4AC633C2C0D160400BF70F7 /* Feed.swift */; };
		D4AC633F2C0D25AD00BF70F7 /* LocationManager.swift in Sources */ = {isa = PBXBuildFile; fileRef = D4AC633E2C0D25AD00BF70F7 /* LocationManager.swift */; };
		D4B8094F2BC17E59008987FB /* README.md in Resources */ = {isa = PBXBuildFile; fileRef = D4B8094E2BC17E59008987FB /* README.md */; };
		D4E315252BCD91FB00336BAE /* Vollkorn-Regular.ttf in Resources */ = {isa = PBXBuildFile; fileRef = D4E315242BCD91FB00336BAE /* Vollkorn-Regular.ttf */; };
		D4E315272BCDA0BB00336BAE /* FeedElement.swift in Sources */ = {isa = PBXBuildFile; fileRef = D4E315262BCDA0BB00336BAE /* FeedElement.swift */; };
		D4E7E2F32BC5A7EA0084C9EF /* Overused Grotesk.ttf in Resources */ = {isa = PBXBuildFile; fileRef = D4E7E2F22BC5A7EA0084C9EF /* Overused Grotesk.ttf */; };
		D4F458AD2C0525BB0041ACEA /* CurrentPhaseHandler.swift in Sources */ = {isa = PBXBuildFile; fileRef = D4F458AC2C0525BB0041ACEA /* CurrentPhaseHandler.swift */; };
		D4FD6F412BECE819005D1B38 /* MapSheetView.swift in Sources */ = {isa = PBXBuildFile; fileRef = D4FD6F402BECE819005D1B38 /* MapSheetView.swift */; };
		D4FE4A352BB20059001B7AC9 /* VizorApp.swift in Sources */ = {isa = PBXBuildFile; fileRef = D4FE4A342BB20059001B7AC9 /* VizorApp.swift */; };
		D4FE4A372BB20059001B7AC9 /* Home.swift in Sources */ = {isa = PBXBuildFile; fileRef = D4FE4A362BB20059001B7AC9 /* Home.swift */; };
		D4FE4A3B2BB2005B001B7AC9 /* Assets.xcassets in Resources */ = {isa = PBXBuildFile; fileRef = D4FE4A3A2BB2005B001B7AC9 /* Assets.xcassets */; };
		D4FE4A3E2BB2005B001B7AC9 /* Preview Assets.xcassets in Resources */ = {isa = PBXBuildFile; fileRef = D4FE4A3D2BB2005B001B7AC9 /* Preview Assets.xcassets */; };
		D4FE4A482BB2005B001B7AC9 /* VizorTests.swift in Sources */ = {isa = PBXBuildFile; fileRef = D4FE4A472BB2005B001B7AC9 /* VizorTests.swift */; };
		D4FE4A522BB2005B001B7AC9 /* VizorUITests.swift in Sources */ = {isa = PBXBuildFile; fileRef = D4FE4A512BB2005B001B7AC9 /* VizorUITests.swift */; };
		D4FE4A542BB2005B001B7AC9 /* VizorUITestsLaunchTests.swift in Sources */ = {isa = PBXBuildFile; fileRef = D4FE4A532BB2005B001B7AC9 /* VizorUITestsLaunchTests.swift */; };
		D4FE4A7A2BB221A4001B7AC9 /* VFont in Frameworks */ = {isa = PBXBuildFile; productRef = D4FE4A792BB221A4001B7AC9 /* VFont */; };
		D4FE4A802BB22A38001B7AC9 /* AntiqueSerie-Regular.otf in Resources */ = {isa = PBXBuildFile; fileRef = D4FE4A7F2BB22A38001B7AC9 /* AntiqueSerie-Regular.otf */; };
		D4FE4A862BB2302B001B7AC9 /* Fonts+Vizor.swift in Sources */ = {isa = PBXBuildFile; fileRef = D4FE4A852BB2302B001B7AC9 /* Fonts+Vizor.swift */; };
/* End PBXBuildFile section */

/* Begin PBXContainerItemProxy section */
		D4FE4A442BB2005B001B7AC9 /* PBXContainerItemProxy */ = {
			isa = PBXContainerItemProxy;
			containerPortal = D4FE4A292BB20059001B7AC9 /* Project object */;
			proxyType = 1;
			remoteGlobalIDString = D4FE4A302BB20059001B7AC9;
			remoteInfo = Vizor;
		};
		D4FE4A4E2BB2005B001B7AC9 /* PBXContainerItemProxy */ = {
			isa = PBXContainerItemProxy;
			containerPortal = D4FE4A292BB20059001B7AC9 /* Project object */;
			proxyType = 1;
			remoteGlobalIDString = D4FE4A302BB20059001B7AC9;
			remoteInfo = Vizor;
		};
/* End PBXContainerItemProxy section */

/* Begin PBXFileReference section */
		D439EAC92BDAEA4500329989 /* SunKitManager.swift */ = {isa = PBXFileReference; lastKnownFileType = sourcecode.swift; path = SunKitManager.swift; sourceTree = "<group>"; };
		D45A2AEB2BB35A2A009ABEF2 /* Phases.swift */ = {isa = PBXFileReference; lastKnownFileType = sourcecode.swift; path = Phases.swift; sourceTree = "<group>"; };
		D4A346652BC47B1600EA3CC8 /* FeedScaffold.swift */ = {isa = PBXFileReference; lastKnownFileType = sourcecode.swift; path = FeedScaffold.swift; sourceTree = "<group>"; };
		D4A346672BC4829E00EA3CC8 /* Phase+Vizor.swift */ = {isa = PBXFileReference; lastKnownFileType = sourcecode.swift; path = "Phase+Vizor.swift"; sourceTree = "<group>"; };
		D4A346692BC482EF00EA3CC8 /* FullscreenScrollViewModifier.swift */ = {isa = PBXFileReference; lastKnownFileType = sourcecode.swift; path = FullscreenScrollViewModifier.swift; sourceTree = "<group>"; };
		D4A3466D2BC49B4D00EA3CC8 /* SplashView.swift */ = {isa = PBXFileReference; lastKnownFileType = sourcecode.swift; path = SplashView.swift; sourceTree = "<group>"; };
		D4AC63382C0D13F700BF70F7 /* User.swift */ = {isa = PBXFileReference; lastKnownFileType = sourcecode.swift; path = User.swift; sourceTree = "<group>"; };
		D4AC633A2C0D156600BF70F7 /* SignInView.swift */ = {isa = PBXFileReference; lastKnownFileType = sourcecode.swift; path = SignInView.swift; sourceTree = "<group>"; };
		D4AC633C2C0D160400BF70F7 /* Feed.swift */ = {isa = PBXFileReference; lastKnownFileType = sourcecode.swift; path = Feed.swift; sourceTree = "<group>"; };
		D4AC633E2C0D25AD00BF70F7 /* LocationManager.swift */ = {isa = PBXFileReference; lastKnownFileType = sourcecode.swift; path = LocationManager.swift; sourceTree = "<group>"; };
		D4B8094E2BC17E59008987FB /* README.md */ = {isa = PBXFileReference; lastKnownFileType = net.daringfireball.markdown; path = README.md; sourceTree = "<group>"; };
		D4E315242BCD91FB00336BAE /* Vollkorn-Regular.ttf */ = {isa = PBXFileReference; lastKnownFileType = file; path = "Vollkorn-Regular.ttf"; sourceTree = "<group>"; };
		D4E315262BCDA0BB00336BAE /* FeedElement.swift */ = {isa = PBXFileReference; lastKnownFileType = sourcecode.swift; path = FeedElement.swift; sourceTree = "<group>"; };
		D4E7E2F22BC5A7EA0084C9EF /* Overused Grotesk.ttf */ = {isa = PBXFileReference; lastKnownFileType = file; path = "Overused Grotesk.ttf"; sourceTree = "<group>"; };
		D4F458AC2C0525BB0041ACEA /* CurrentPhaseHandler.swift */ = {isa = PBXFileReference; lastKnownFileType = sourcecode.swift; path = CurrentPhaseHandler.swift; sourceTree = "<group>"; };
		D4FD6F402BECE819005D1B38 /* MapSheetView.swift */ = {isa = PBXFileReference; lastKnownFileType = sourcecode.swift; path = MapSheetView.swift; sourceTree = "<group>"; };
		D4FE4A312BB20059001B7AC9 /* Vizor.app */ = {isa = PBXFileReference; explicitFileType = wrapper.application; includeInIndex = 0; path = Vizor.app; sourceTree = BUILT_PRODUCTS_DIR; };
		D4FE4A342BB20059001B7AC9 /* VizorApp.swift */ = {isa = PBXFileReference; lastKnownFileType = sourcecode.swift; path = VizorApp.swift; sourceTree = "<group>"; };
		D4FE4A362BB20059001B7AC9 /* Home.swift */ = {isa = PBXFileReference; lastKnownFileType = sourcecode.swift; path = Home.swift; sourceTree = "<group>"; };
		D4FE4A3A2BB2005B001B7AC9 /* Assets.xcassets */ = {isa = PBXFileReference; lastKnownFileType = folder.assetcatalog; path = Assets.xcassets; sourceTree = "<group>"; };
		D4FE4A3D2BB2005B001B7AC9 /* Preview Assets.xcassets */ = {isa = PBXFileReference; lastKnownFileType = folder.assetcatalog; path = "Preview Assets.xcassets"; sourceTree = "<group>"; };
		D4FE4A432BB2005B001B7AC9 /* VizorTests.xctest */ = {isa = PBXFileReference; explicitFileType = wrapper.cfbundle; includeInIndex = 0; path = VizorTests.xctest; sourceTree = BUILT_PRODUCTS_DIR; };
		D4FE4A472BB2005B001B7AC9 /* VizorTests.swift */ = {isa = PBXFileReference; lastKnownFileType = sourcecode.swift; path = VizorTests.swift; sourceTree = "<group>"; };
		D4FE4A4D2BB2005B001B7AC9 /* VizorUITests.xctest */ = {isa = PBXFileReference; explicitFileType = wrapper.cfbundle; includeInIndex = 0; path = VizorUITests.xctest; sourceTree = BUILT_PRODUCTS_DIR; };
		D4FE4A512BB2005B001B7AC9 /* VizorUITests.swift */ = {isa = PBXFileReference; lastKnownFileType = sourcecode.swift; path = VizorUITests.swift; sourceTree = "<group>"; };
		D4FE4A532BB2005B001B7AC9 /* VizorUITestsLaunchTests.swift */ = {isa = PBXFileReference; lastKnownFileType = sourcecode.swift; path = VizorUITestsLaunchTests.swift; sourceTree = "<group>"; };
		D4FE4A632BB21454001B7AC9 /* Info.plist */ = {isa = PBXFileReference; lastKnownFileType = text.plist; path = Info.plist; sourceTree = "<group>"; };
		D4FE4A7F2BB22A38001B7AC9 /* AntiqueSerie-Regular.otf */ = {isa = PBXFileReference; lastKnownFileType = file; path = "AntiqueSerie-Regular.otf"; sourceTree = "<group>"; };
		D4FE4A852BB2302B001B7AC9 /* Fonts+Vizor.swift */ = {isa = PBXFileReference; lastKnownFileType = sourcecode.swift; path = "Fonts+Vizor.swift"; sourceTree = "<group>"; };
/* End PBXFileReference section */

/* Begin PBXFrameworksBuildPhase section */
		D4FE4A2E2BB20059001B7AC9 /* Frameworks */ = {
			isa = PBXFrameworksBuildPhase;
			buildActionMask = 2147483647;
			files = (
				D439EAC72BDAE9C600329989 /* SunKit in Frameworks */,
				D4FE4A7A2BB221A4001B7AC9 /* VFont in Frameworks */,
			);
			runOnlyForDeploymentPostprocessing = 0;
		};
		D4FE4A402BB2005B001B7AC9 /* Frameworks */ = {
			isa = PBXFrameworksBuildPhase;
			buildActionMask = 2147483647;
			files = (
			);
			runOnlyForDeploymentPostprocessing = 0;
		};
		D4FE4A4A2BB2005B001B7AC9 /* Frameworks */ = {
			isa = PBXFrameworksBuildPhase;
			buildActionMask = 2147483647;
			files = (
			);
			runOnlyForDeploymentPostprocessing = 0;
		};
/* End PBXFrameworksBuildPhase section */

/* Begin PBXGroup section */
		D439EAC82BDAEA1A00329989 /* Model */ = {
			isa = PBXGroup;
			children = (
				D439EAC92BDAEA4500329989 /* SunKitManager.swift */,
				D4F458AC2C0525BB0041ACEA /* CurrentPhaseHandler.swift */,
				D4AC63382C0D13F700BF70F7 /* User.swift */,
				D4AC633E2C0D25AD00BF70F7 /* LocationManager.swift */,
			);
			path = Model;
			sourceTree = "<group>";
		};
		D45A2AE82BB35973009ABEF2 /* View */ = {
			isa = PBXGroup;
			children = (
				D4AC63362C0CE98400BF70F7 /* Home */,
				D4AC63372C0CE99B00BF70F7 /* Feed */,
			);
			path = View;
			sourceTree = "<group>";
		};
		D4AC63362C0CE98400BF70F7 /* Home */ = {
			isa = PBXGroup;
			children = (
				D4FE4A362BB20059001B7AC9 /* Home.swift */,
				D45A2AEB2BB35A2A009ABEF2 /* Phases.swift */,
				D4FD6F402BECE819005D1B38 /* MapSheetView.swift */,
				D4A3466D2BC49B4D00EA3CC8 /* SplashView.swift */,
			);
			path = Home;
			sourceTree = "<group>";
		};
		D4AC63372C0CE99B00BF70F7 /* Feed */ = {
			isa = PBXGroup;
			children = (
				D4A346652BC47B1600EA3CC8 /* FeedScaffold.swift */,
				D4E315262BCDA0BB00336BAE /* FeedElement.swift */,
				D4AC633A2C0D156600BF70F7 /* SignInView.swift */,
				D4AC633C2C0D160400BF70F7 /* Feed.swift */,
			);
			path = Feed;
			sourceTree = "<group>";
		};
		D4B8094B2BC1742E008987FB /* ViewModifiers */ = {
			isa = PBXGroup;
			children = (
				D4A346692BC482EF00EA3CC8 /* FullscreenScrollViewModifier.swift */,
			);
			name = ViewModifiers;
			sourceTree = "<group>";
		};
		D4FE4A282BB20059001B7AC9 = {
			isa = PBXGroup;
			children = (
				D4B8094E2BC17E59008987FB /* README.md */,
				D4FE4A332BB20059001B7AC9 /* Vizor */,
				D4FE4A462BB2005B001B7AC9 /* VizorTests */,
				D4FE4A502BB2005B001B7AC9 /* VizorUITests */,
				D4FE4A322BB20059001B7AC9 /* Products */,
			);
			sourceTree = "<group>";
		};
		D4FE4A322BB20059001B7AC9 /* Products */ = {
			isa = PBXGroup;
			children = (
				D4FE4A312BB20059001B7AC9 /* Vizor.app */,
				D4FE4A432BB2005B001B7AC9 /* VizorTests.xctest */,
				D4FE4A4D2BB2005B001B7AC9 /* VizorUITests.xctest */,
			);
			name = Products;
			sourceTree = "<group>";
		};
		D4FE4A332BB20059001B7AC9 /* Vizor */ = {
			isa = PBXGroup;
			children = (
				D4FE4A632BB21454001B7AC9 /* Info.plist */,
				D4FE4A342BB20059001B7AC9 /* VizorApp.swift */,
				D4FE4A852BB2302B001B7AC9 /* Fonts+Vizor.swift */,
				D4A346672BC4829E00EA3CC8 /* Phase+Vizor.swift */,
				D439EAC82BDAEA1A00329989 /* Model */,
				D45A2AE82BB35973009ABEF2 /* View */,
				D4B8094B2BC1742E008987FB /* ViewModifiers */,
				D4FE4A3A2BB2005B001B7AC9 /* Assets.xcassets */,
				D4FE4A3C2BB2005B001B7AC9 /* Preview Content */,
				D4FE4A602BB213E6001B7AC9 /* Fonts */,
			);
			path = Vizor;
			sourceTree = "<group>";
		};
		D4FE4A3C2BB2005B001B7AC9 /* Preview Content */ = {
			isa = PBXGroup;
			children = (
				D4FE4A3D2BB2005B001B7AC9 /* Preview Assets.xcassets */,
			);
			path = "Preview Content";
			sourceTree = "<group>";
		};
		D4FE4A462BB2005B001B7AC9 /* VizorTests */ = {
			isa = PBXGroup;
			children = (
				D4FE4A472BB2005B001B7AC9 /* VizorTests.swift */,
			);
			path = VizorTests;
			sourceTree = "<group>";
		};
		D4FE4A502BB2005B001B7AC9 /* VizorUITests */ = {
			isa = PBXGroup;
			children = (
				D4FE4A512BB2005B001B7AC9 /* VizorUITests.swift */,
				D4FE4A532BB2005B001B7AC9 /* VizorUITestsLaunchTests.swift */,
			);
			path = VizorUITests;
			sourceTree = "<group>";
		};
		D4FE4A602BB213E6001B7AC9 /* Fonts */ = {
			isa = PBXGroup;
			children = (
				D4FE4A7F2BB22A38001B7AC9 /* AntiqueSerie-Regular.otf */,
				D4E7E2F22BC5A7EA0084C9EF /* Overused Grotesk.ttf */,
				D4E315242BCD91FB00336BAE /* Vollkorn-Regular.ttf */,
			);
			path = Fonts;
			sourceTree = "<group>";
		};
/* End PBXGroup section */

/* Begin PBXNativeTarget section */
		D4FE4A302BB20059001B7AC9 /* Vizor */ = {
			isa = PBXNativeTarget;
			buildConfigurationList = D4FE4A572BB2005B001B7AC9 /* Build configuration list for PBXNativeTarget "Vizor" */;
			buildPhases = (
				D4FE4A2D2BB20059001B7AC9 /* Sources */,
				D4FE4A2E2BB20059001B7AC9 /* Frameworks */,
				D4FE4A2F2BB20059001B7AC9 /* Resources */,
			);
			buildRules = (
			);
			dependencies = (
			);
			name = Vizor;
			packageProductDependencies = (
				D4FE4A792BB221A4001B7AC9 /* VFont */,
				D439EAC62BDAE9C600329989 /* SunKit */,
			);
			productName = Vizor;
			productReference = D4FE4A312BB20059001B7AC9 /* Vizor.app */;
			productType = "com.apple.product-type.application";
		};
		D4FE4A422BB2005B001B7AC9 /* VizorTests */ = {
			isa = PBXNativeTarget;
			buildConfigurationList = D4FE4A5A2BB2005B001B7AC9 /* Build configuration list for PBXNativeTarget "VizorTests" */;
			buildPhases = (
				D4FE4A3F2BB2005B001B7AC9 /* Sources */,
				D4FE4A402BB2005B001B7AC9 /* Frameworks */,
				D4FE4A412BB2005B001B7AC9 /* Resources */,
			);
			buildRules = (
			);
			dependencies = (
				D4FE4A452BB2005B001B7AC9 /* PBXTargetDependency */,
			);
			name = VizorTests;
			productName = VizorTests;
			productReference = D4FE4A432BB2005B001B7AC9 /* VizorTests.xctest */;
			productType = "com.apple.product-type.bundle.unit-test";
		};
		D4FE4A4C2BB2005B001B7AC9 /* VizorUITests */ = {
			isa = PBXNativeTarget;
			buildConfigurationList = D4FE4A5D2BB2005B001B7AC9 /* Build configuration list for PBXNativeTarget "VizorUITests" */;
			buildPhases = (
				D4FE4A492BB2005B001B7AC9 /* Sources */,
				D4FE4A4A2BB2005B001B7AC9 /* Frameworks */,
				D4FE4A4B2BB2005B001B7AC9 /* Resources */,
			);
			buildRules = (
			);
			dependencies = (
				D4FE4A4F2BB2005B001B7AC9 /* PBXTargetDependency */,
			);
			name = VizorUITests;
			productName = VizorUITests;
			productReference = D4FE4A4D2BB2005B001B7AC9 /* VizorUITests.xctest */;
			productType = "com.apple.product-type.bundle.ui-testing";
		};
/* End PBXNativeTarget section */

/* Begin PBXProject section */
		D4FE4A292BB20059001B7AC9 /* Project object */ = {
			isa = PBXProject;
			attributes = {
				BuildIndependentTargetsInParallel = 1;
				LastSwiftUpdateCheck = 1520;
				LastUpgradeCheck = 1520;
				TargetAttributes = {
					D4FE4A302BB20059001B7AC9 = {
						CreatedOnToolsVersion = 15.2;
					};
					D4FE4A422BB2005B001B7AC9 = {
						CreatedOnToolsVersion = 15.2;
						TestTargetID = D4FE4A302BB20059001B7AC9;
					};
					D4FE4A4C2BB2005B001B7AC9 = {
						CreatedOnToolsVersion = 15.2;
						TestTargetID = D4FE4A302BB20059001B7AC9;
					};
				};
			};
			buildConfigurationList = D4FE4A2C2BB20059001B7AC9 /* Build configuration list for PBXProject "Vizor" */;
			compatibilityVersion = "Xcode 14.0";
			developmentRegion = en;
			hasScannedForEncodings = 0;
			knownRegions = (
				en,
				Base,
			);
			mainGroup = D4FE4A282BB20059001B7AC9;
			packageReferences = (
				D4FE4A782BB221A3001B7AC9 /* XCRemoteSwiftPackageReference "vfont" */,
				D439EAC52BDAE9C600329989 /* XCRemoteSwiftPackageReference "SunKit" */,
			);
			productRefGroup = D4FE4A322BB20059001B7AC9 /* Products */;
			projectDirPath = "";
			projectRoot = "";
			targets = (
				D4FE4A302BB20059001B7AC9 /* Vizor */,
				D4FE4A422BB2005B001B7AC9 /* VizorTests */,
				D4FE4A4C2BB2005B001B7AC9 /* VizorUITests */,
			);
		};
/* End PBXProject section */

/* Begin PBXResourcesBuildPhase section */
		D4FE4A2F2BB20059001B7AC9 /* Resources */ = {
			isa = PBXResourcesBuildPhase;
			buildActionMask = 2147483647;
			files = (
				D4FE4A3E2BB2005B001B7AC9 /* Preview Assets.xcassets in Resources */,
				D4B8094F2BC17E59008987FB /* README.md in Resources */,
				D4E7E2F32BC5A7EA0084C9EF /* Overused Grotesk.ttf in Resources */,
				D4E315252BCD91FB00336BAE /* Vollkorn-Regular.ttf in Resources */,
				D4FE4A3B2BB2005B001B7AC9 /* Assets.xcassets in Resources */,
				D4FE4A802BB22A38001B7AC9 /* AntiqueSerie-Regular.otf in Resources */,
			);
			runOnlyForDeploymentPostprocessing = 0;
		};
		D4FE4A412BB2005B001B7AC9 /* Resources */ = {
			isa = PBXResourcesBuildPhase;
			buildActionMask = 2147483647;
			files = (
			);
			runOnlyForDeploymentPostprocessing = 0;
		};
		D4FE4A4B2BB2005B001B7AC9 /* Resources */ = {
			isa = PBXResourcesBuildPhase;
			buildActionMask = 2147483647;
			files = (
			);
			runOnlyForDeploymentPostprocessing = 0;
		};
/* End PBXResourcesBuildPhase section */

/* Begin PBXSourcesBuildPhase section */
		D4FE4A2D2BB20059001B7AC9 /* Sources */ = {
			isa = PBXSourcesBuildPhase;
			buildActionMask = 2147483647;
			files = (
				D4FE4A372BB20059001B7AC9 /* Home.swift in Sources */,
				D4AC633F2C0D25AD00BF70F7 /* LocationManager.swift in Sources */,
				D4A3466E2BC49B4D00EA3CC8 /* SplashView.swift in Sources */,
				D45A2AEC2BB35A2A009ABEF2 /* Phases.swift in Sources */,
				D4A346682BC4829E00EA3CC8 /* Phase+Vizor.swift in Sources */,
				D4E315272BCDA0BB00336BAE /* FeedElement.swift in Sources */,
				D4F458AD2C0525BB0041ACEA /* CurrentPhaseHandler.swift in Sources */,
				D4A3466A2BC482EF00EA3CC8 /* FullscreenScrollViewModifier.swift in Sources */,
				D4AC633D2C0D160400BF70F7 /* Feed.swift in Sources */,
				D4AC63392C0D13F700BF70F7 /* User.swift in Sources */,
				D4A346662BC47B1600EA3CC8 /* FeedScaffold.swift in Sources */,
				D4FE4A352BB20059001B7AC9 /* VizorApp.swift in Sources */,
				D4AC633B2C0D156600BF70F7 /* SignInView.swift in Sources */,
				D4FE4A862BB2302B001B7AC9 /* Fonts+Vizor.swift in Sources */,
				D4FD6F412BECE819005D1B38 /* MapSheetView.swift in Sources */,
				D439EACA2BDAEA4500329989 /* SunKitManager.swift in Sources */,
			);
			runOnlyForDeploymentPostprocessing = 0;
		};
		D4FE4A3F2BB2005B001B7AC9 /* Sources */ = {
			isa = PBXSourcesBuildPhase;
			buildActionMask = 2147483647;
			files = (
				D4FE4A482BB2005B001B7AC9 /* VizorTests.swift in Sources */,
			);
			runOnlyForDeploymentPostprocessing = 0;
		};
		D4FE4A492BB2005B001B7AC9 /* Sources */ = {
			isa = PBXSourcesBuildPhase;
			buildActionMask = 2147483647;
			files = (
				D4FE4A522BB2005B001B7AC9 /* VizorUITests.swift in Sources */,
				D4FE4A542BB2005B001B7AC9 /* VizorUITestsLaunchTests.swift in Sources */,
			);
			runOnlyForDeploymentPostprocessing = 0;
		};
/* End PBXSourcesBuildPhase section */

/* Begin PBXTargetDependency section */
		D4FE4A452BB2005B001B7AC9 /* PBXTargetDependency */ = {
			isa = PBXTargetDependency;
			target = D4FE4A302BB20059001B7AC9 /* Vizor */;
			targetProxy = D4FE4A442BB2005B001B7AC9 /* PBXContainerItemProxy */;
		};
		D4FE4A4F2BB2005B001B7AC9 /* PBXTargetDependency */ = {
			isa = PBXTargetDependency;
			target = D4FE4A302BB20059001B7AC9 /* Vizor */;
			targetProxy = D4FE4A4E2BB2005B001B7AC9 /* PBXContainerItemProxy */;
		};
/* End PBXTargetDependency section */

/* Begin XCBuildConfiguration section */
		D4FE4A552BB2005B001B7AC9 /* Debug */ = {
			isa = XCBuildConfiguration;
			buildSettings = {
				ALWAYS_SEARCH_USER_PATHS = NO;
				ASSETCATALOG_COMPILER_GENERATE_SWIFT_ASSET_SYMBOL_EXTENSIONS = YES;
				CLANG_ANALYZER_NONNULL = YES;
				CLANG_ANALYZER_NUMBER_OBJECT_CONVERSION = YES_AGGRESSIVE;
				CLANG_CXX_LANGUAGE_STANDARD = "gnu++20";
				CLANG_ENABLE_MODULES = YES;
				CLANG_ENABLE_OBJC_ARC = YES;
				CLANG_ENABLE_OBJC_WEAK = YES;
				CLANG_WARN_BLOCK_CAPTURE_AUTORELEASING = YES;
				CLANG_WARN_BOOL_CONVERSION = YES;
				CLANG_WARN_COMMA = YES;
				CLANG_WARN_CONSTANT_CONVERSION = YES;
				CLANG_WARN_DEPRECATED_OBJC_IMPLEMENTATIONS = YES;
				CLANG_WARN_DIRECT_OBJC_ISA_USAGE = YES_ERROR;
				CLANG_WARN_DOCUMENTATION_COMMENTS = YES;
				CLANG_WARN_EMPTY_BODY = YES;
				CLANG_WARN_ENUM_CONVERSION = YES;
				CLANG_WARN_INFINITE_RECURSION = YES;
				CLANG_WARN_INT_CONVERSION = YES;
				CLANG_WARN_NON_LITERAL_NULL_CONVERSION = YES;
				CLANG_WARN_OBJC_IMPLICIT_RETAIN_SELF = YES;
				CLANG_WARN_OBJC_LITERAL_CONVERSION = YES;
				CLANG_WARN_OBJC_ROOT_CLASS = YES_ERROR;
				CLANG_WARN_QUOTED_INCLUDE_IN_FRAMEWORK_HEADER = YES;
				CLANG_WARN_RANGE_LOOP_ANALYSIS = YES;
				CLANG_WARN_STRICT_PROTOTYPES = YES;
				CLANG_WARN_SUSPICIOUS_MOVE = YES;
				CLANG_WARN_UNGUARDED_AVAILABILITY = YES_AGGRESSIVE;
				CLANG_WARN_UNREACHABLE_CODE = YES;
				CLANG_WARN__DUPLICATE_METHOD_MATCH = YES;
				COPY_PHASE_STRIP = NO;
				DEBUG_INFORMATION_FORMAT = dwarf;
				ENABLE_STRICT_OBJC_MSGSEND = YES;
				ENABLE_TESTABILITY = YES;
				ENABLE_USER_SCRIPT_SANDBOXING = YES;
				GCC_C_LANGUAGE_STANDARD = gnu17;
				GCC_DYNAMIC_NO_PIC = NO;
				GCC_NO_COMMON_BLOCKS = YES;
				GCC_OPTIMIZATION_LEVEL = 0;
				GCC_PREPROCESSOR_DEFINITIONS = (
					"DEBUG=1",
					"$(inherited)",
				);
				GCC_WARN_64_TO_32_BIT_CONVERSION = YES;
				GCC_WARN_ABOUT_RETURN_TYPE = YES_ERROR;
				GCC_WARN_UNDECLARED_SELECTOR = YES;
				GCC_WARN_UNINITIALIZED_AUTOS = YES_AGGRESSIVE;
				GCC_WARN_UNUSED_FUNCTION = YES;
				GCC_WARN_UNUSED_VARIABLE = YES;
				IPHONEOS_DEPLOYMENT_TARGET = 17.2;
				LOCALIZATION_PREFERS_STRING_CATALOGS = YES;
				MTL_ENABLE_DEBUG_INFO = INCLUDE_SOURCE;
				MTL_FAST_MATH = YES;
				ONLY_ACTIVE_ARCH = YES;
				SDKROOT = iphoneos;
				SWIFT_ACTIVE_COMPILATION_CONDITIONS = "DEBUG $(inherited)";
				SWIFT_OPTIMIZATION_LEVEL = "-Onone";
			};
			name = Debug;
		};
		D4FE4A562BB2005B001B7AC9 /* Release */ = {
			isa = XCBuildConfiguration;
			buildSettings = {
				ALWAYS_SEARCH_USER_PATHS = NO;
				ASSETCATALOG_COMPILER_GENERATE_SWIFT_ASSET_SYMBOL_EXTENSIONS = YES;
				CLANG_ANALYZER_NONNULL = YES;
				CLANG_ANALYZER_NUMBER_OBJECT_CONVERSION = YES_AGGRESSIVE;
				CLANG_CXX_LANGUAGE_STANDARD = "gnu++20";
				CLANG_ENABLE_MODULES = YES;
				CLANG_ENABLE_OBJC_ARC = YES;
				CLANG_ENABLE_OBJC_WEAK = YES;
				CLANG_WARN_BLOCK_CAPTURE_AUTORELEASING = YES;
				CLANG_WARN_BOOL_CONVERSION = YES;
				CLANG_WARN_COMMA = YES;
				CLANG_WARN_CONSTANT_CONVERSION = YES;
				CLANG_WARN_DEPRECATED_OBJC_IMPLEMENTATIONS = YES;
				CLANG_WARN_DIRECT_OBJC_ISA_USAGE = YES_ERROR;
				CLANG_WARN_DOCUMENTATION_COMMENTS = YES;
				CLANG_WARN_EMPTY_BODY = YES;
				CLANG_WARN_ENUM_CONVERSION = YES;
				CLANG_WARN_INFINITE_RECURSION = YES;
				CLANG_WARN_INT_CONVERSION = YES;
				CLANG_WARN_NON_LITERAL_NULL_CONVERSION = YES;
				CLANG_WARN_OBJC_IMPLICIT_RETAIN_SELF = YES;
				CLANG_WARN_OBJC_LITERAL_CONVERSION = YES;
				CLANG_WARN_OBJC_ROOT_CLASS = YES_ERROR;
				CLANG_WARN_QUOTED_INCLUDE_IN_FRAMEWORK_HEADER = YES;
				CLANG_WARN_RANGE_LOOP_ANALYSIS = YES;
				CLANG_WARN_STRICT_PROTOTYPES = YES;
				CLANG_WARN_SUSPICIOUS_MOVE = YES;
				CLANG_WARN_UNGUARDED_AVAILABILITY = YES_AGGRESSIVE;
				CLANG_WARN_UNREACHABLE_CODE = YES;
				CLANG_WARN__DUPLICATE_METHOD_MATCH = YES;
				COPY_PHASE_STRIP = NO;
				DEBUG_INFORMATION_FORMAT = "dwarf-with-dsym";
				ENABLE_NS_ASSERTIONS = NO;
				ENABLE_STRICT_OBJC_MSGSEND = YES;
				ENABLE_USER_SCRIPT_SANDBOXING = YES;
				GCC_C_LANGUAGE_STANDARD = gnu17;
				GCC_NO_COMMON_BLOCKS = YES;
				GCC_WARN_64_TO_32_BIT_CONVERSION = YES;
				GCC_WARN_ABOUT_RETURN_TYPE = YES_ERROR;
				GCC_WARN_UNDECLARED_SELECTOR = YES;
				GCC_WARN_UNINITIALIZED_AUTOS = YES_AGGRESSIVE;
				GCC_WARN_UNUSED_FUNCTION = YES;
				GCC_WARN_UNUSED_VARIABLE = YES;
				IPHONEOS_DEPLOYMENT_TARGET = 17.2;
				LOCALIZATION_PREFERS_STRING_CATALOGS = YES;
				MTL_ENABLE_DEBUG_INFO = NO;
				MTL_FAST_MATH = YES;
				SDKROOT = iphoneos;
				SWIFT_COMPILATION_MODE = wholemodule;
				VALIDATE_PRODUCT = YES;
			};
			name = Release;
		};
		D4FE4A582BB2005B001B7AC9 /* Debug */ = {
			isa = XCBuildConfiguration;
			buildSettings = {
				ASSETCATALOG_COMPILER_APPICON_NAME = AppIcon;
				ASSETCATALOG_COMPILER_GLOBAL_ACCENT_COLOR_NAME = AccentColor;
				CODE_SIGN_STYLE = Automatic;
				CURRENT_PROJECT_VERSION = 1;
				DEVELOPMENT_ASSET_PATHS = "\"Vizor/Preview Content\"";
				DEVELOPMENT_TEAM = RU773P5475;
				ENABLE_PREVIEWS = YES;
				GENERATE_INFOPLIST_FILE = YES;
				INFOPLIST_FILE = Vizor/Info.plist;
				INFOPLIST_KEY_NSLocationAlwaysAndWhenInUseUsageDescription = "This application needs your location to calculate the daylight phases.";
				INFOPLIST_KEY_NSLocationAlwaysUsageDescription = "This application needs your location to calculate the daylight phases in background.";
				INFOPLIST_KEY_NSLocationWhenInUseUsageDescription = "This application needs your location to calculate the daylight phases.";
				INFOPLIST_KEY_UIApplicationSceneManifest_Generation = YES;
				INFOPLIST_KEY_UIApplicationSupportsIndirectInputEvents = YES;
				INFOPLIST_KEY_UILaunchScreen_Generation = YES;
				INFOPLIST_KEY_UISupportedInterfaceOrientations_iPad = "UIInterfaceOrientationPortrait UIInterfaceOrientationPortraitUpsideDown UIInterfaceOrientationLandscapeLeft UIInterfaceOrientationLandscapeRight";
				INFOPLIST_KEY_UISupportedInterfaceOrientations_iPhone = "UIInterfaceOrientationPortrait UIInterfaceOrientationLandscapeLeft UIInterfaceOrientationLandscapeRight";
				LD_RUNPATH_SEARCH_PATHS = (
					"$(inherited)",
					"@executable_path/Frameworks",
				);
				MARKETING_VERSION = 1.0;
				PRODUCT_BUNDLE_IDENTIFIER = dev.egecam.Vizor;
				PRODUCT_NAME = "$(TARGET_NAME)";
				SWIFT_EMIT_LOC_STRINGS = YES;
				SWIFT_VERSION = 5.0;
				TARGETED_DEVICE_FAMILY = "1,2";
			};
			name = Debug;
		};
		D4FE4A592BB2005B001B7AC9 /* Release */ = {
			isa = XCBuildConfiguration;
			buildSettings = {
				ASSETCATALOG_COMPILER_APPICON_NAME = AppIcon;
				ASSETCATALOG_COMPILER_GLOBAL_ACCENT_COLOR_NAME = AccentColor;
				CODE_SIGN_STYLE = Automatic;
				CURRENT_PROJECT_VERSION = 1;
				DEVELOPMENT_ASSET_PATHS = "\"Vizor/Preview Content\"";
				DEVELOPMENT_TEAM = RU773P5475;
				ENABLE_PREVIEWS = YES;
				GENERATE_INFOPLIST_FILE = YES;
				INFOPLIST_FILE = Vizor/Info.plist;
				INFOPLIST_KEY_NSLocationAlwaysAndWhenInUseUsageDescription = "This application needs your location to calculate the daylight phases.";
				INFOPLIST_KEY_NSLocationAlwaysUsageDescription = "This application needs your location to calculate the daylight phases in background.";
				INFOPLIST_KEY_NSLocationWhenInUseUsageDescription = "This application needs your location to calculate the daylight phases.";
				INFOPLIST_KEY_UIApplicationSceneManifest_Generation = YES;
				INFOPLIST_KEY_UIApplicationSupportsIndirectInputEvents = YES;
				INFOPLIST_KEY_UILaunchScreen_Generation = YES;
				INFOPLIST_KEY_UISupportedInterfaceOrientations_iPad = "UIInterfaceOrientationPortrait UIInterfaceOrientationPortraitUpsideDown UIInterfaceOrientationLandscapeLeft UIInterfaceOrientationLandscapeRight";
				INFOPLIST_KEY_UISupportedInterfaceOrientations_iPhone = "UIInterfaceOrientationPortrait UIInterfaceOrientationLandscapeLeft UIInterfaceOrientationLandscapeRight";
				LD_RUNPATH_SEARCH_PATHS = (
					"$(inherited)",
					"@executable_path/Frameworks",
				);
				MARKETING_VERSION = 1.0;
				PRODUCT_BUNDLE_IDENTIFIER = dev.egecam.Vizor;
				PRODUCT_NAME = "$(TARGET_NAME)";
				SWIFT_EMIT_LOC_STRINGS = YES;
				SWIFT_VERSION = 5.0;
				TARGETED_DEVICE_FAMILY = "1,2";
			};
			name = Release;
		};
		D4FE4A5B2BB2005B001B7AC9 /* Debug */ = {
			isa = XCBuildConfiguration;
			buildSettings = {
				ALWAYS_EMBED_SWIFT_STANDARD_LIBRARIES = YES;
				BUNDLE_LOADER = "$(TEST_HOST)";
				CODE_SIGN_STYLE = Automatic;
				CURRENT_PROJECT_VERSION = 1;
				DEVELOPMENT_TEAM = RU773P5475;
				GENERATE_INFOPLIST_FILE = YES;
				IPHONEOS_DEPLOYMENT_TARGET = 17.2;
				MARKETING_VERSION = 1.0;
				PRODUCT_BUNDLE_IDENTIFIER = dev.egecam.VizorTests;
				PRODUCT_NAME = "$(TARGET_NAME)";
				SWIFT_EMIT_LOC_STRINGS = NO;
				SWIFT_VERSION = 5.0;
				TARGETED_DEVICE_FAMILY = "1,2";
				TEST_HOST = "$(BUILT_PRODUCTS_DIR)/Vizor.app/$(BUNDLE_EXECUTABLE_FOLDER_PATH)/Vizor";
			};
			name = Debug;
		};
		D4FE4A5C2BB2005B001B7AC9 /* Release */ = {
			isa = XCBuildConfiguration;
			buildSettings = {
				ALWAYS_EMBED_SWIFT_STANDARD_LIBRARIES = YES;
				BUNDLE_LOADER = "$(TEST_HOST)";
				CODE_SIGN_STYLE = Automatic;
				CURRENT_PROJECT_VERSION = 1;
				DEVELOPMENT_TEAM = RU773P5475;
				GENERATE_INFOPLIST_FILE = YES;
				IPHONEOS_DEPLOYMENT_TARGET = 17.2;
				MARKETING_VERSION = 1.0;
				PRODUCT_BUNDLE_IDENTIFIER = dev.egecam.VizorTests;
				PRODUCT_NAME = "$(TARGET_NAME)";
				SWIFT_EMIT_LOC_STRINGS = NO;
				SWIFT_VERSION = 5.0;
				TARGETED_DEVICE_FAMILY = "1,2";
				TEST_HOST = "$(BUILT_PRODUCTS_DIR)/Vizor.app/$(BUNDLE_EXECUTABLE_FOLDER_PATH)/Vizor";
			};
			name = Release;
		};
		D4FE4A5E2BB2005B001B7AC9 /* Debug */ = {
			isa = XCBuildConfiguration;
			buildSettings = {
				ALWAYS_EMBED_SWIFT_STANDARD_LIBRARIES = YES;
				CODE_SIGN_STYLE = Automatic;
				CURRENT_PROJECT_VERSION = 1;
				DEVELOPMENT_TEAM = RU773P5475;
				GENERATE_INFOPLIST_FILE = YES;
				MARKETING_VERSION = 1.0;
				PRODUCT_BUNDLE_IDENTIFIER = dev.egecam.VizorUITests;
				PRODUCT_NAME = "$(TARGET_NAME)";
				SWIFT_EMIT_LOC_STRINGS = NO;
				SWIFT_VERSION = 5.0;
				TARGETED_DEVICE_FAMILY = "1,2";
				TEST_TARGET_NAME = Vizor;
			};
			name = Debug;
		};
		D4FE4A5F2BB2005B001B7AC9 /* Release */ = {
			isa = XCBuildConfiguration;
			buildSettings = {
				ALWAYS_EMBED_SWIFT_STANDARD_LIBRARIES = YES;
				CODE_SIGN_STYLE = Automatic;
				CURRENT_PROJECT_VERSION = 1;
				DEVELOPMENT_TEAM = RU773P5475;
				GENERATE_INFOPLIST_FILE = YES;
				MARKETING_VERSION = 1.0;
				PRODUCT_BUNDLE_IDENTIFIER = dev.egecam.VizorUITests;
				PRODUCT_NAME = "$(TARGET_NAME)";
				SWIFT_EMIT_LOC_STRINGS = NO;
				SWIFT_VERSION = 5.0;
				TARGETED_DEVICE_FAMILY = "1,2";
				TEST_TARGET_NAME = Vizor;
			};
			name = Release;
		};
/* End XCBuildConfiguration section */

/* Begin XCConfigurationList section */
		D4FE4A2C2BB20059001B7AC9 /* Build configuration list for PBXProject "Vizor" */ = {
			isa = XCConfigurationList;
			buildConfigurations = (
				D4FE4A552BB2005B001B7AC9 /* Debug */,
				D4FE4A562BB2005B001B7AC9 /* Release */,
			);
			defaultConfigurationIsVisible = 0;
			defaultConfigurationName = Release;
		};
		D4FE4A572BB2005B001B7AC9 /* Build configuration list for PBXNativeTarget "Vizor" */ = {
			isa = XCConfigurationList;
			buildConfigurations = (
				D4FE4A582BB2005B001B7AC9 /* Debug */,
				D4FE4A592BB2005B001B7AC9 /* Release */,
			);
			defaultConfigurationIsVisible = 0;
			defaultConfigurationName = Release;
		};
		D4FE4A5A2BB2005B001B7AC9 /* Build configuration list for PBXNativeTarget "VizorTests" */ = {
			isa = XCConfigurationList;
			buildConfigurations = (
				D4FE4A5B2BB2005B001B7AC9 /* Debug */,
				D4FE4A5C2BB2005B001B7AC9 /* Release */,
			);
			defaultConfigurationIsVisible = 0;
			defaultConfigurationName = Release;
		};
		D4FE4A5D2BB2005B001B7AC9 /* Build configuration list for PBXNativeTarget "VizorUITests" */ = {
			isa = XCConfigurationList;
			buildConfigurations = (
				D4FE4A5E2BB2005B001B7AC9 /* Debug */,
				D4FE4A5F2BB2005B001B7AC9 /* Release */,
			);
			defaultConfigurationIsVisible = 0;
			defaultConfigurationName = Release;
		};
/* End XCConfigurationList section */

/* Begin XCRemoteSwiftPackageReference section */
		D439EAC52BDAE9C600329989 /* XCRemoteSwiftPackageReference "SunKit" */ = {
			isa = XCRemoteSwiftPackageReference;
			repositoryURL = "https://github.com/Sunlitt/SunKit.git";
			requirement = {
				kind = upToNextMajorVersion;
				minimumVersion = 2.8.0;
			};
		};
		D4FE4A782BB221A3001B7AC9 /* XCRemoteSwiftPackageReference "vfont" */ = {
			isa = XCRemoteSwiftPackageReference;
			repositoryURL = "https://github.com/dufflink/vfont.git";
			requirement = {
				kind = upToNextMajorVersion;
				minimumVersion = 0.6.1;
			};
		};
/* End XCRemoteSwiftPackageReference section */

/* Begin XCSwiftPackageProductDependency section */
		D439EAC62BDAE9C600329989 /* SunKit */ = {
			isa = XCSwiftPackageProductDependency;
			package = D439EAC52BDAE9C600329989 /* XCRemoteSwiftPackageReference "SunKit" */;
			productName = SunKit;
		};
		D4FE4A792BB221A4001B7AC9 /* VFont */ = {
			isa = XCSwiftPackageProductDependency;
			package = D4FE4A782BB221A3001B7AC9 /* XCRemoteSwiftPackageReference "vfont" */;
			productName = VFont;
		};
/* End XCSwiftPackageProductDependency section */
	};
	rootObject = D4FE4A292BB20059001B7AC9 /* Project object */;
}
